// !$*UTF8*$!
{
	archiveVersion = 1;
	classes = {
	};
	objectVersion = 46;
	objects = {

/* Begin PBXBuildFile section */
		36DC008918FD80940098E956 /* Allpost.m in Sources */ = {isa = PBXBuildFile; fileRef = 36DC008518FD80940098E956 /* Allpost.m */; };
		36DC008A18FD80940098E956 /* BaseClass.m in Sources */ = {isa = PBXBuildFile; fileRef = 36DC008718FD80940098E956 /* BaseClass.m */; };
		36DC008D18FD9B870098E956 /* StrainNormalCell.m in Sources */ = {isa = PBXBuildFile; fileRef = 36DC008C18FD9B870098E956 /* StrainNormalCell.m */; };
		36DC009018FD9BA50098E956 /* StrainExpandedCell.m in Sources */ = {isa = PBXBuildFile; fileRef = 36DC008F18FD9BA50098E956 /* StrainExpandedCell.m */; };
		36F5229818E9E67B00649A82 /* Foundation.framework in Frameworks */ = {isa = PBXBuildFile; fileRef = 36F5229718E9E67B00649A82 /* Foundation.framework */; };
		36F5229A18E9E67B00649A82 /* CoreGraphics.framework in Frameworks */ = {isa = PBXBuildFile; fileRef = 36F5229918E9E67B00649A82 /* CoreGraphics.framework */; };
		36F5229C18E9E67B00649A82 /* UIKit.framework in Frameworks */ = {isa = PBXBuildFile; fileRef = 36F5229B18E9E67B00649A82 /* UIKit.framework */; };
		36F522A218E9E67B00649A82 /* InfoPlist.strings in Resources */ = {isa = PBXBuildFile; fileRef = 36F522A018E9E67B00649A82 /* InfoPlist.strings */; };
		36F522A418E9E67B00649A82 /* main.m in Sources */ = {isa = PBXBuildFile; fileRef = 36F522A318E9E67B00649A82 /* main.m */; };
		36F522A818E9E67B00649A82 /* AppDelegate.m in Sources */ = {isa = PBXBuildFile; fileRef = 36F522A718E9E67B00649A82 /* AppDelegate.m */; };
		36F522AB18E9E67B00649A82 /* Main.storyboard in Resources */ = {isa = PBXBuildFile; fileRef = 36F522A918E9E67B00649A82 /* Main.storyboard */; };
		36F522AE18E9E67B00649A82 /* ViewController.m in Sources */ = {isa = PBXBuildFile; fileRef = 36F522AD18E9E67B00649A82 /* ViewController.m */; };
		36F522B018E9E67B00649A82 /* Images.xcassets in Resources */ = {isa = PBXBuildFile; fileRef = 36F522AF18E9E67B00649A82 /* Images.xcassets */; };
		36F522B718E9E67B00649A82 /* XCTest.framework in Frameworks */ = {isa = PBXBuildFile; fileRef = 36F522B618E9E67B00649A82 /* XCTest.framework */; };
		36F522B818E9E67B00649A82 /* Foundation.framework in Frameworks */ = {isa = PBXBuildFile; fileRef = 36F5229718E9E67B00649A82 /* Foundation.framework */; };
		36F522B918E9E67B00649A82 /* UIKit.framework in Frameworks */ = {isa = PBXBuildFile; fileRef = 36F5229B18E9E67B00649A82 /* UIKit.framework */; };
		36F522C118E9E67B00649A82 /* InfoPlist.strings in Resources */ = {isa = PBXBuildFile; fileRef = 36F522BF18E9E67B00649A82 /* InfoPlist.strings */; };
		36F522C318E9E67B00649A82 /* LEAFSTRAINTests.m in Sources */ = {isa = PBXBuildFile; fileRef = 36F522C218E9E67B00649A82 /* LEAFSTRAINTests.m */; };
		36F522CE18EB289300649A82 /* BaseViewController.m in Sources */ = {isa = PBXBuildFile; fileRef = 36F522CD18EB289300649A82 /* BaseViewController.m */; };
		36F5235518F967F200649A82 /* View.xib in Resources */ = {isa = PBXBuildFile; fileRef = 36F5235418F967F200649A82 /* View.xib */; };
		36F5235818F96CDC00649A82 /* MenuView.m in Sources */ = {isa = PBXBuildFile; fileRef = 36F5235718F96CDC00649A82 /* MenuView.m */; };
		36F5235B18FAA41800649A82 /* SearchViewController.m in Sources */ = {isa = PBXBuildFile; fileRef = 36F5235A18FAA41800649A82 /* SearchViewController.m */; };
		5B3837C819082D39003758BB /* AddressBook.framework in Frameworks */ = {isa = PBXBuildFile; fileRef = 5B3837C719082D39003758BB /* AddressBook.framework */; };
		5B3837CA19082D48003758BB /* AssetsLibrary.framework in Frameworks */ = {isa = PBXBuildFile; fileRef = 5B3837C919082D48003758BB /* AssetsLibrary.framework */; };
		5B3837CC19082D65003758BB /* CoreLocation.framework in Frameworks */ = {isa = PBXBuildFile; fileRef = 5B3837CB19082D65003758BB /* CoreLocation.framework */; };
		5B3837CE19082D6C003758BB /* CoreMotion.framework in Frameworks */ = {isa = PBXBuildFile; fileRef = 5B3837CD19082D6C003758BB /* CoreMotion.framework */; };
		5B3837D019082D81003758BB /* CoreText.framework in Frameworks */ = {isa = PBXBuildFile; fileRef = 5B3837CF19082D81003758BB /* CoreText.framework */; };
		5B3837D219082D90003758BB /* MediaPlayer.framework in Frameworks */ = {isa = PBXBuildFile; fileRef = 5B3837D119082D90003758BB /* MediaPlayer.framework */; };
		5B3837D419082D9B003758BB /* Security.framework in Frameworks */ = {isa = PBXBuildFile; fileRef = 5B3837D319082D9B003758BB /* Security.framework */; };
		5B3837D619082DAD003758BB /* SystemConfiguration.framework in Frameworks */ = {isa = PBXBuildFile; fileRef = 5B3837D519082DAD003758BB /* SystemConfiguration.framework */; };
		5B3837D819082E0B003758BB /* GooglePlus.framework in Frameworks */ = {isa = PBXBuildFile; fileRef = 5B3837D719082E0B003758BB /* GooglePlus.framework */; };
		5B3837DA19082E1E003758BB /* GoogleOpenSource.framework in Frameworks */ = {isa = PBXBuildFile; fileRef = 5B3837D919082E1E003758BB /* GoogleOpenSource.framework */; };
		5B572EE31900373900F6F3D6 /* BusinessDetailViewController.m in Sources */ = {isa = PBXBuildFile; fileRef = 5B572EE21900373900F6F3D6 /* BusinessDetailViewController.m */; };
		5B572EE8190045B300F6F3D6 /* BusinessDetail.m in Sources */ = {isa = PBXBuildFile; fileRef = 5B572EE5190045B300F6F3D6 /* BusinessDetail.m */; };
		5B572EE9190045B300F6F3D6 /* BusinessDetails.m in Sources */ = {isa = PBXBuildFile; fileRef = 5B572EE7190045B300F6F3D6 /* BusinessDetails.m */; };
		5B572EEC1902D2DF00F6F3D6 /* BlogViewController.m in Sources */ = {isa = PBXBuildFile; fileRef = 5B572EEB1902D2DF00F6F3D6 /* BlogViewController.m */; };
		5B572EF11902E14600F6F3D6 /* Blog.m in Sources */ = {isa = PBXBuildFile; fileRef = 5B572EEE1902E14500F6F3D6 /* Blog.m */; };
		5B572EF21902E14600F6F3D6 /* Blog2.m in Sources */ = {isa = PBXBuildFile; fileRef = 5B572EF01902E14500F6F3D6 /* Blog2.m */; };
		5B572EF51903B8A800F6F3D6 /* BlogViewCell.m in Sources */ = {isa = PBXBuildFile; fileRef = 5B572EF41903B8A800F6F3D6 /* BlogViewCell.m */; };
		5B572EF71904175400F6F3D6 /* Social.framework in Frameworks */ = {isa = PBXBuildFile; fileRef = 5B572EF61904175200F6F3D6 /* Social.framework */; };
		73F111431B784E8390365B0C /* libPods.a in Frameworks */ = {isa = PBXBuildFile; fileRef = C4A2676D0A8447FF9D7D9E25 /* libPods.a */; };
/* End PBXBuildFile section */

/* Begin PBXContainerItemProxy section */
		36F522BA18E9E67B00649A82 /* PBXContainerItemProxy */ = {
			isa = PBXContainerItemProxy;
			containerPortal = 36F5228C18E9E67B00649A82 /* Project object */;
			proxyType = 1;
			remoteGlobalIDString = 36F5229318E9E67B00649A82;
			remoteInfo = CANITASTE;
		};
/* End PBXContainerItemProxy section */

/* Begin PBXFileReference section */
		36DC008418FD80940098E956 /* Allpost.h */ = {isa = PBXFileReference; fileEncoding = 4; lastKnownFileType = sourcecode.c.h; name = Allpost.h; path = ../../../Allpost.h; sourceTree = "<group>"; };
		36DC008518FD80940098E956 /* Allpost.m */ = {isa = PBXFileReference; fileEncoding = 4; lastKnownFileType = sourcecode.c.objc; name = Allpost.m; path = ../../../Allpost.m; sourceTree = "<group>"; };
		36DC008618FD80940098E956 /* BaseClass.h */ = {isa = PBXFileReference; fileEncoding = 4; lastKnownFileType = sourcecode.c.h; name = BaseClass.h; path = ../../../BaseClass.h; sourceTree = "<group>"; };
		36DC008718FD80940098E956 /* BaseClass.m */ = {isa = PBXFileReference; fileEncoding = 4; lastKnownFileType = sourcecode.c.objc; name = BaseClass.m; path = ../../../BaseClass.m; sourceTree = "<group>"; };
		36DC008818FD80940098E956 /* DataModels.h */ = {isa = PBXFileReference; fileEncoding = 4; lastKnownFileType = sourcecode.c.h; name = DataModels.h; path = ../../../DataModels.h; sourceTree = "<group>"; };
		36DC008B18FD9B870098E956 /* StrainNormalCell.h */ = {isa = PBXFileReference; fileEncoding = 4; lastKnownFileType = sourcecode.c.h; path = StrainNormalCell.h; sourceTree = "<group>"; };
		36DC008C18FD9B870098E956 /* StrainNormalCell.m */ = {isa = PBXFileReference; fileEncoding = 4; lastKnownFileType = sourcecode.c.objc; path = StrainNormalCell.m; sourceTree = "<group>"; };
		36DC008E18FD9BA50098E956 /* StrainExpandedCell.h */ = {isa = PBXFileReference; fileEncoding = 4; lastKnownFileType = sourcecode.c.h; path = StrainExpandedCell.h; sourceTree = "<group>"; };
		36DC008F18FD9BA50098E956 /* StrainExpandedCell.m */ = {isa = PBXFileReference; fileEncoding = 4; lastKnownFileType = sourcecode.c.objc; path = StrainExpandedCell.m; sourceTree = "<group>"; };
		36DC009118FDA8460098E956 /* LEAFSTRAIN-Prefix.pch */ = {isa = PBXFileReference; fileEncoding = 4; lastKnownFileType = sourcecode.c.h; path = "LEAFSTRAIN-Prefix.pch"; sourceTree = "<group>"; };
		36F5229418E9E67B00649A82 /* leafStrain.app */ = {isa = PBXFileReference; explicitFileType = wrapper.application; includeInIndex = 0; path = leafStrain.app; sourceTree = BUILT_PRODUCTS_DIR; };
		36F5229718E9E67B00649A82 /* Foundation.framework */ = {isa = PBXFileReference; lastKnownFileType = wrapper.framework; name = Foundation.framework; path = System/Library/Frameworks/Foundation.framework; sourceTree = SDKROOT; };
		36F5229918E9E67B00649A82 /* CoreGraphics.framework */ = {isa = PBXFileReference; lastKnownFileType = wrapper.framework; name = CoreGraphics.framework; path = System/Library/Frameworks/CoreGraphics.framework; sourceTree = SDKROOT; };
		36F5229B18E9E67B00649A82 /* UIKit.framework */ = {isa = PBXFileReference; lastKnownFileType = wrapper.framework; name = UIKit.framework; path = System/Library/Frameworks/UIKit.framework; sourceTree = SDKROOT; };
		36F5229F18E9E67B00649A82 /* LEAFSTRAIN-Info.plist */ = {isa = PBXFileReference; lastKnownFileType = text.plist.xml; path = "LEAFSTRAIN-Info.plist"; sourceTree = "<group>"; };
		36F522A118E9E67B00649A82 /* en */ = {isa = PBXFileReference; lastKnownFileType = text.plist.strings; name = en; path = en.lproj/InfoPlist.strings; sourceTree = "<group>"; };
		36F522A318E9E67B00649A82 /* main.m */ = {isa = PBXFileReference; lastKnownFileType = sourcecode.c.objc; path = main.m; sourceTree = "<group>"; };
		36F522A618E9E67B00649A82 /* AppDelegate.h */ = {isa = PBXFileReference; lastKnownFileType = sourcecode.c.h; path = AppDelegate.h; sourceTree = "<group>"; };
		36F522A718E9E67B00649A82 /* AppDelegate.m */ = {isa = PBXFileReference; lastKnownFileType = sourcecode.c.objc; path = AppDelegate.m; sourceTree = "<group>"; };
		36F522AA18E9E67B00649A82 /* Base */ = {isa = PBXFileReference; lastKnownFileType = file.storyboard; name = Base; path = Base.lproj/Main.storyboard; sourceTree = "<group>"; };
		36F522AC18E9E67B00649A82 /* ViewController.h */ = {isa = PBXFileReference; lastKnownFileType = sourcecode.c.h; path = ViewController.h; sourceTree = "<group>"; };
		36F522AD18E9E67B00649A82 /* ViewController.m */ = {isa = PBXFileReference; lastKnownFileType = sourcecode.c.objc; path = ViewController.m; sourceTree = "<group>"; };
		36F522AF18E9E67B00649A82 /* Images.xcassets */ = {isa = PBXFileReference; lastKnownFileType = folder.assetcatalog; path = Images.xcassets; sourceTree = "<group>"; };
		36F522B518E9E67B00649A82 /* LEAFSTRAINTests.xctest */ = {isa = PBXFileReference; explicitFileType = wrapper.cfbundle; includeInIndex = 0; path = LEAFSTRAINTests.xctest; sourceTree = BUILT_PRODUCTS_DIR; };
		36F522B618E9E67B00649A82 /* XCTest.framework */ = {isa = PBXFileReference; lastKnownFileType = wrapper.framework; name = XCTest.framework; path = Library/Frameworks/XCTest.framework; sourceTree = DEVELOPER_DIR; };
		36F522BE18E9E67B00649A82 /* LEAFSTRAINTests-Info.plist */ = {isa = PBXFileReference; lastKnownFileType = text.plist.xml; path = "LEAFSTRAINTests-Info.plist"; sourceTree = "<group>"; };
		36F522C018E9E67B00649A82 /* en */ = {isa = PBXFileReference; lastKnownFileType = text.plist.strings; name = en; path = en.lproj/InfoPlist.strings; sourceTree = "<group>"; };
		36F522C218E9E67B00649A82 /* LEAFSTRAINTests.m */ = {isa = PBXFileReference; lastKnownFileType = sourcecode.c.objc; path = LEAFSTRAINTests.m; sourceTree = "<group>"; };
		36F522CC18EB289300649A82 /* BaseViewController.h */ = {isa = PBXFileReference; fileEncoding = 4; lastKnownFileType = sourcecode.c.h; path = BaseViewController.h; sourceTree = "<group>"; };
		36F522CD18EB289300649A82 /* BaseViewController.m */ = {isa = PBXFileReference; fileEncoding = 4; lastKnownFileType = sourcecode.c.objc; path = BaseViewController.m; sourceTree = "<group>"; };
		36F5235418F967F200649A82 /* View.xib */ = {isa = PBXFileReference; fileEncoding = 4; lastKnownFileType = file.xib; path = View.xib; sourceTree = "<group>"; };
		36F5235618F96CDC00649A82 /* MenuView.h */ = {isa = PBXFileReference; fileEncoding = 4; lastKnownFileType = sourcecode.c.h; path = MenuView.h; sourceTree = "<group>"; };
		36F5235718F96CDC00649A82 /* MenuView.m */ = {isa = PBXFileReference; fileEncoding = 4; lastKnownFileType = sourcecode.c.objc; path = MenuView.m; sourceTree = "<group>"; };
		36F5235918FAA41800649A82 /* SearchViewController.h */ = {isa = PBXFileReference; fileEncoding = 4; lastKnownFileType = sourcecode.c.h; path = SearchViewController.h; sourceTree = "<group>"; };
		36F5235A18FAA41800649A82 /* SearchViewController.m */ = {isa = PBXFileReference; fileEncoding = 4; lastKnownFileType = sourcecode.c.objc; path = SearchViewController.m; sourceTree = "<group>"; };
		5B3837C719082D39003758BB /* AddressBook.framework */ = {isa = PBXFileReference; lastKnownFileType = wrapper.framework; name = AddressBook.framework; path = System/Library/Frameworks/AddressBook.framework; sourceTree = SDKROOT; };
		5B3837C919082D48003758BB /* AssetsLibrary.framework */ = {isa = PBXFileReference; lastKnownFileType = wrapper.framework; name = AssetsLibrary.framework; path = System/Library/Frameworks/AssetsLibrary.framework; sourceTree = SDKROOT; };
		5B3837CB19082D65003758BB /* CoreLocation.framework */ = {isa = PBXFileReference; lastKnownFileType = wrapper.framework; name = CoreLocation.framework; path = System/Library/Frameworks/CoreLocation.framework; sourceTree = SDKROOT; };
		5B3837CD19082D6C003758BB /* CoreMotion.framework */ = {isa = PBXFileReference; lastKnownFileType = wrapper.framework; name = CoreMotion.framework; path = System/Library/Frameworks/CoreMotion.framework; sourceTree = SDKROOT; };
		5B3837CF19082D81003758BB /* CoreText.framework */ = {isa = PBXFileReference; lastKnownFileType = wrapper.framework; name = CoreText.framework; path = System/Library/Frameworks/CoreText.framework; sourceTree = SDKROOT; };
		5B3837D119082D90003758BB /* MediaPlayer.framework */ = {isa = PBXFileReference; lastKnownFileType = wrapper.framework; name = MediaPlayer.framework; path = System/Library/Frameworks/MediaPlayer.framework; sourceTree = SDKROOT; };
		5B3837D319082D9B003758BB /* Security.framework */ = {isa = PBXFileReference; lastKnownFileType = wrapper.framework; name = Security.framework; path = System/Library/Frameworks/Security.framework; sourceTree = SDKROOT; };
		5B3837D519082DAD003758BB /* SystemConfiguration.framework */ = {isa = PBXFileReference; lastKnownFileType = wrapper.framework; name = SystemConfiguration.framework; path = System/Library/Frameworks/SystemConfiguration.framework; sourceTree = SDKROOT; };
		5B3837D719082E0B003758BB /* GooglePlus.framework */ = {isa = PBXFileReference; lastKnownFileType = wrapper.framework; path = GooglePlus.framework; sourceTree = "<group>"; };
		5B3837D919082E1E003758BB /* GoogleOpenSource.framework */ = {isa = PBXFileReference; lastKnownFileType = wrapper.framework; path = GoogleOpenSource.framework; sourceTree = "<group>"; };
		5B572EE11900373900F6F3D6 /* BusinessDetailViewController.h */ = {isa = PBXFileReference; fileEncoding = 4; lastKnownFileType = sourcecode.c.h; path = BusinessDetailViewController.h; sourceTree = "<group>"; };
		5B572EE21900373900F6F3D6 /* BusinessDetailViewController.m */ = {isa = PBXFileReference; fileEncoding = 4; lastKnownFileType = sourcecode.c.objc; path = BusinessDetailViewController.m; sourceTree = "<group>"; };
		5B572EE4190045B300F6F3D6 /* BusinessDetail.h */ = {isa = PBXFileReference; fileEncoding = 4; lastKnownFileType = sourcecode.c.h; path = BusinessDetail.h; sourceTree = "<group>"; };
		5B572EE5190045B300F6F3D6 /* BusinessDetail.m */ = {isa = PBXFileReference; fileEncoding = 4; lastKnownFileType = sourcecode.c.objc; path = BusinessDetail.m; sourceTree = "<group>"; };
		5B572EE6190045B300F6F3D6 /* BusinessDetails.h */ = {isa = PBXFileReference; fileEncoding = 4; lastKnownFileType = sourcecode.c.h; path = BusinessDetails.h; sourceTree = "<group>"; };
		5B572EE7190045B300F6F3D6 /* BusinessDetails.m */ = {isa = PBXFileReference; fileEncoding = 4; lastKnownFileType = sourcecode.c.objc; path = BusinessDetails.m; sourceTree = "<group>"; };
		5B572EEA1902D2DE00F6F3D6 /* BlogViewController.h */ = {isa = PBXFileReference; fileEncoding = 4; lastKnownFileType = sourcecode.c.h; path = BlogViewController.h; sourceTree = "<group>"; };
		5B572EEB1902D2DF00F6F3D6 /* BlogViewController.m */ = {isa = PBXFileReference; fileEncoding = 4; lastKnownFileType = sourcecode.c.objc; path = BlogViewController.m; sourceTree = "<group>"; };
		5B572EED1902E14400F6F3D6 /* Blog.h */ = {isa = PBXFileReference; fileEncoding = 4; lastKnownFileType = sourcecode.c.h; path = Blog.h; sourceTree = "<group>"; };
		5B572EEE1902E14500F6F3D6 /* Blog.m */ = {isa = PBXFileReference; fileEncoding = 4; lastKnownFileType = sourcecode.c.objc; path = Blog.m; sourceTree = "<group>"; };
		5B572EEF1902E14500F6F3D6 /* Blog2.h */ = {isa = PBXFileReference; fileEncoding = 4; lastKnownFileType = sourcecode.c.h; path = Blog2.h; sourceTree = "<group>"; };
		5B572EF01902E14500F6F3D6 /* Blog2.m */ = {isa = PBXFileReference; fileEncoding = 4; lastKnownFileType = sourcecode.c.objc; path = Blog2.m; sourceTree = "<group>"; };
		5B572EF31903B8A800F6F3D6 /* BlogViewCell.h */ = {isa = PBXFileReference; fileEncoding = 4; lastKnownFileType = sourcecode.c.h; path = BlogViewCell.h; sourceTree = "<group>"; };
		5B572EF41903B8A800F6F3D6 /* BlogViewCell.m */ = {isa = PBXFileReference; fileEncoding = 4; lastKnownFileType = sourcecode.c.objc; path = BlogViewCell.m; sourceTree = "<group>"; };
		5B572EF61904175200F6F3D6 /* Social.framework */ = {isa = PBXFileReference; lastKnownFileType = wrapper.framework; name = Social.framework; path = System/Library/Frameworks/Social.framework; sourceTree = SDKROOT; };
		C4A2676D0A8447FF9D7D9E25 /* libPods.a */ = {isa = PBXFileReference; explicitFileType = archive.ar; includeInIndex = 0; path = libPods.a; sourceTree = BUILT_PRODUCTS_DIR; };
		FAA106B8CA15441BB00E8CC8 /* Pods.xcconfig */ = {isa = PBXFileReference; includeInIndex = 1; lastKnownFileType = text.xcconfig; name = Pods.xcconfig; path = Pods/Pods.xcconfig; sourceTree = "<group>"; };
/* End PBXFileReference section */

/* Begin PBXFrameworksBuildPhase section */
		36F5229118E9E67B00649A82 /* Frameworks */ = {
			isa = PBXFrameworksBuildPhase;
			buildActionMask = 2147483647;
			files = (
				5B3837D619082DAD003758BB /* SystemConfiguration.framework in Frameworks */,
				5B3837D419082D9B003758BB /* Security.framework in Frameworks */,
				5B3837D219082D90003758BB /* MediaPlayer.framework in Frameworks */,
				5B3837D019082D81003758BB /* CoreText.framework in Frameworks */,
				36F5229A18E9E67B00649A82 /* CoreGraphics.framework in Frameworks */,
				5B3837CE19082D6C003758BB /* CoreMotion.framework in Frameworks */,
				5B3837CC19082D65003758BB /* CoreLocation.framework in Frameworks */,
				5B3837CA19082D48003758BB /* AssetsLibrary.framework in Frameworks */,
				5B3837C819082D39003758BB /* AddressBook.framework in Frameworks */,
				5B3837D819082E0B003758BB /* GooglePlus.framework in Frameworks */,
				5B3837DA19082E1E003758BB /* GoogleOpenSource.framework in Frameworks */,
				5B572EF71904175400F6F3D6 /* Social.framework in Frameworks */,
				36F5229C18E9E67B00649A82 /* UIKit.framework in Frameworks */,
				36F5229818E9E67B00649A82 /* Foundation.framework in Frameworks */,
				73F111431B784E8390365B0C /* libPods.a in Frameworks */,
			);
			runOnlyForDeploymentPostprocessing = 0;
		};
		36F522B218E9E67B00649A82 /* Frameworks */ = {
			isa = PBXFrameworksBuildPhase;
			buildActionMask = 2147483647;
			files = (
				36F522B718E9E67B00649A82 /* XCTest.framework in Frameworks */,
				36F522B918E9E67B00649A82 /* UIKit.framework in Frameworks */,
				36F522B818E9E67B00649A82 /* Foundation.framework in Frameworks */,
			);
			runOnlyForDeploymentPostprocessing = 0;
		};
/* End PBXFrameworksBuildPhase section */

/* Begin PBXGroup section */
		36DC008318FD80650098E956 /* DataModels */ = {
			isa = PBXGroup;
			children = (
				36DC008418FD80940098E956 /* Allpost.h */,
				36DC008518FD80940098E956 /* Allpost.m */,
				5B572EE4190045B300F6F3D6 /* BusinessDetail.h */,
				5B572EE5190045B300F6F3D6 /* BusinessDetail.m */,
				5B572EE6190045B300F6F3D6 /* BusinessDetails.h */,
				5B572EE7190045B300F6F3D6 /* BusinessDetails.m */,
				5B572EED1902E14400F6F3D6 /* Blog.h */,
				5B572EEE1902E14500F6F3D6 /* Blog.m */,
				5B572EEF1902E14500F6F3D6 /* Blog2.h */,
				5B572EF01902E14500F6F3D6 /* Blog2.m */,
				36DC008618FD80940098E956 /* BaseClass.h */,
				36DC008718FD80940098E956 /* BaseClass.m */,
				36DC008818FD80940098E956 /* DataModels.h */,
			);
			name = DataModels;
			sourceTree = "<group>";
		};
		36F5228B18E9E67B00649A82 = {
			isa = PBXGroup;
			children = (
				36F5229D18E9E67B00649A82 /* LEAFSTRAIN */,
				36F522BC18E9E67B00649A82 /* LEAFSTRAINTest */,
				36F5229618E9E67B00649A82 /* Frameworks */,
				36F5229518E9E67B00649A82 /* Products */,
				FAA106B8CA15441BB00E8CC8 /* Pods.xcconfig */,
			);
			sourceTree = "<group>";
		};
		36F5229518E9E67B00649A82 /* Products */ = {
			isa = PBXGroup;
			children = (
				36F5229418E9E67B00649A82 /* leafStrain.app */,
				36F522B518E9E67B00649A82 /* LEAFSTRAINTests.xctest */,
			);
			name = Products;
			sourceTree = "<group>";
		};
		36F5229618E9E67B00649A82 /* Frameworks */ = {
			isa = PBXGroup;
			children = (
				5B3837D919082E1E003758BB /* GoogleOpenSource.framework */,
				5B3837D719082E0B003758BB /* GooglePlus.framework */,
				5B3837D519082DAD003758BB /* SystemConfiguration.framework */,
				5B3837D319082D9B003758BB /* Security.framework */,
				5B3837D119082D90003758BB /* MediaPlayer.framework */,
				5B3837CF19082D81003758BB /* CoreText.framework */,
				5B3837CD19082D6C003758BB /* CoreMotion.framework */,
				5B3837CB19082D65003758BB /* CoreLocation.framework */,
				5B3837C919082D48003758BB /* AssetsLibrary.framework */,
				5B3837C719082D39003758BB /* AddressBook.framework */,
				5B572EF61904175200F6F3D6 /* Social.framework */,
				36F5229718E9E67B00649A82 /* Foundation.framework */,
				36F5229918E9E67B00649A82 /* CoreGraphics.framework */,
				36F5229B18E9E67B00649A82 /* UIKit.framework */,
				36F522B618E9E67B00649A82 /* XCTest.framework */,
				C4A2676D0A8447FF9D7D9E25 /* libPods.a */,
			);
			name = Frameworks;
			sourceTree = "<group>";
		};
		36F5229D18E9E67B00649A82 /* LEAFSTRAIN */ = {
			isa = PBXGroup;
			children = (
				36DC008318FD80650098E956 /* DataModels */,
				36F522A618E9E67B00649A82 /* AppDelegate.h */,
				36DC009118FDA8460098E956 /* LEAFSTRAIN-Prefix.pch */,
				36F522A718E9E67B00649A82 /* AppDelegate.m */,
				36DC008E18FD9BA50098E956 /* StrainExpandedCell.h */,
				36DC008F18FD9BA50098E956 /* StrainExpandedCell.m */,
				36DC008B18FD9B870098E956 /* StrainNormalCell.h */,
				36DC008C18FD9B870098E956 /* StrainNormalCell.m */,
				5B572EF31903B8A800F6F3D6 /* BlogViewCell.h */,
				5B572EF41903B8A800F6F3D6 /* BlogViewCell.m */,
				36F522A918E9E67B00649A82 /* Main.storyboard */,
				36F5235418F967F200649A82 /* View.xib */,
				36F5235618F96CDC00649A82 /* MenuView.h */,
				36F5235718F96CDC00649A82 /* MenuView.m */,
				36F522CC18EB289300649A82 /* BaseViewController.h */,
				36F522CD18EB289300649A82 /* BaseViewController.m */,
				36F522AC18E9E67B00649A82 /* ViewController.h */,
				36F522AD18E9E67B00649A82 /* ViewController.m */,
				36F5235918FAA41800649A82 /* SearchViewController.h */,
				36F5235A18FAA41800649A82 /* SearchViewController.m */,
				36F522AF18E9E67B00649A82 /* Images.xcassets */,
				36F5229E18E9E67B00649A82 /* Supporting Files */,
				5B572EE11900373900F6F3D6 /* BusinessDetailViewController.h */,
				5B572EE21900373900F6F3D6 /* BusinessDetailViewController.m */,
				5B572EEA1902D2DE00F6F3D6 /* BlogViewController.h */,
				5B572EEB1902D2DF00F6F3D6 /* BlogViewController.m */,
			);
			name = LEAFSTRAIN;
			path = CANITASTE;
			sourceTree = "<group>";
		};
		36F5229E18E9E67B00649A82 /* Supporting Files */ = {
			isa = PBXGroup;
			children = (
				36F5229F18E9E67B00649A82 /* LEAFSTRAIN-Info.plist */,
				36F522A018E9E67B00649A82 /* InfoPlist.strings */,
				36F522A318E9E67B00649A82 /* main.m */,
			);
			name = "Supporting Files";
			sourceTree = "<group>";
		};
		36F522BC18E9E67B00649A82 /* LEAFSTRAINTest */ = {
			isa = PBXGroup;
			children = (
				36F522C218E9E67B00649A82 /* LEAFSTRAINTests.m */,
				36F522BD18E9E67B00649A82 /* Supporting Files */,
			);
			name = LEAFSTRAINTest;
			path = CANITASTETests;
			sourceTree = "<group>";
		};
		36F522BD18E9E67B00649A82 /* Supporting Files */ = {
			isa = PBXGroup;
			children = (
				36F522BE18E9E67B00649A82 /* LEAFSTRAINTests-Info.plist */,
				36F522BF18E9E67B00649A82 /* InfoPlist.strings */,
			);
			name = "Supporting Files";
			sourceTree = "<group>";
		};
/* End PBXGroup section */

/* Begin PBXNativeTarget section */
		36F5229318E9E67B00649A82 /* LEAFSTRAIN */ = {
			isa = PBXNativeTarget;
			buildConfigurationList = 36F522C618E9E67B00649A82 /* Build configuration list for PBXNativeTarget "LEAFSTRAIN" */;
			buildPhases = (
				C87492E37FB04D3ABC5E539F /* Check Pods Manifest.lock */,
				36F5229018E9E67B00649A82 /* Sources */,
				36F5229118E9E67B00649A82 /* Frameworks */,
				36F5229218E9E67B00649A82 /* Resources */,
				3C35D11D8B5F4EF6BDE3DEF6 /* Copy Pods Resources */,
			);
			buildRules = (
			);
			dependencies = (
			);
			name = LEAFSTRAIN;
			productName = CANITASTE;
			productReference = 36F5229418E9E67B00649A82 /* leafStrain.app */;
			productType = "com.apple.product-type.application";
		};
		36F522B418E9E67B00649A82 /* LEAFSTRAINTests */ = {
			isa = PBXNativeTarget;
			buildConfigurationList = 36F522C918E9E67B00649A82 /* Build configuration list for PBXNativeTarget "LEAFSTRAINTests" */;
			buildPhases = (
				36F522B118E9E67B00649A82 /* Sources */,
				36F522B218E9E67B00649A82 /* Frameworks */,
				36F522B318E9E67B00649A82 /* Resources */,
			);
			buildRules = (
			);
			dependencies = (
				36F522BB18E9E67B00649A82 /* PBXTargetDependency */,
			);
			name = LEAFSTRAINTests;
			productName = CANITASTETests;
			productReference = 36F522B518E9E67B00649A82 /* LEAFSTRAINTests.xctest */;
			productType = "com.apple.product-type.bundle.unit-test";
		};
/* End PBXNativeTarget section */

/* Begin PBXProject section */
		36F5228C18E9E67B00649A82 /* Project object */ = {
			isa = PBXProject;
			attributes = {
				LastUpgradeCheck = 0500;
				ORGANIZATIONNAME = "mihir mehta";
				TargetAttributes = {
					36F522B418E9E67B00649A82 = {
						TestTargetID = 36F5229318E9E67B00649A82;
					};
				};
			};
			buildConfigurationList = 36F5228F18E9E67B00649A82 /* Build configuration list for PBXProject "LEAFSTRAIN" */;
			compatibilityVersion = "Xcode 3.2";
			developmentRegion = English;
			hasScannedForEncodings = 0;
			knownRegions = (
				en,
				Base,
			);
			mainGroup = 36F5228B18E9E67B00649A82;
			productRefGroup = 36F5229518E9E67B00649A82 /* Products */;
			projectDirPath = "";
			projectRoot = "";
			targets = (
				36F5229318E9E67B00649A82 /* LEAFSTRAIN */,
				36F522B418E9E67B00649A82 /* LEAFSTRAINTests */,
			);
		};
/* End PBXProject section */

/* Begin PBXResourcesBuildPhase section */
		36F5229218E9E67B00649A82 /* Resources */ = {
			isa = PBXResourcesBuildPhase;
			buildActionMask = 2147483647;
			files = (
				36F5235518F967F200649A82 /* View.xib in Resources */,
				36F522B018E9E67B00649A82 /* Images.xcassets in Resources */,
				36F522A218E9E67B00649A82 /* InfoPlist.strings in Resources */,
				36F522AB18E9E67B00649A82 /* Main.storyboard in Resources */,
			);
			runOnlyForDeploymentPostprocessing = 0;
		};
		36F522B318E9E67B00649A82 /* Resources */ = {
			isa = PBXResourcesBuildPhase;
			buildActionMask = 2147483647;
			files = (
				36F522C118E9E67B00649A82 /* InfoPlist.strings in Resources */,
			);
			runOnlyForDeploymentPostprocessing = 0;
		};
/* End PBXResourcesBuildPhase section */

/* Begin PBXShellScriptBuildPhase section */
		3C35D11D8B5F4EF6BDE3DEF6 /* Copy Pods Resources */ = {
			isa = PBXShellScriptBuildPhase;
			buildActionMask = 2147483647;
			files = (
			);
			inputPaths = (
			);
			name = "Copy Pods Resources";
			outputPaths = (
			);
			runOnlyForDeploymentPostprocessing = 0;
			shellPath = /bin/sh;
			shellScript = "\"${SRCROOT}/Pods/Pods-resources.sh\"\n";
			showEnvVarsInLog = 0;
		};
		C87492E37FB04D3ABC5E539F /* Check Pods Manifest.lock */ = {
			isa = PBXShellScriptBuildPhase;
			buildActionMask = 2147483647;
			files = (
			);
			inputPaths = (
			);
			name = "Check Pods Manifest.lock";
			outputPaths = (
			);
			runOnlyForDeploymentPostprocessing = 0;
			shellPath = /bin/sh;
			shellScript = "diff \"${PODS_ROOT}/../Podfile.lock\" \"${PODS_ROOT}/Manifest.lock\" > /dev/null\nif [[ $? != 0 ]] ; then\n    cat << EOM\nerror: The sandbox is not in sync with the Podfile.lock. Run 'pod install' or update your CocoaPods installation.\nEOM\n    exit 1\nfi\n";
			showEnvVarsInLog = 0;
		};
/* End PBXShellScriptBuildPhase section */

/* Begin PBXSourcesBuildPhase section */
		36F5229018E9E67B00649A82 /* Sources */ = {
			isa = PBXSourcesBuildPhase;
			buildActionMask = 2147483647;
			files = (
				5B572EEC1902D2DF00F6F3D6 /* BlogViewController.m in Sources */,
				5B572EE9190045B300F6F3D6 /* BusinessDetails.m in Sources */,
				36F522AE18E9E67B00649A82 /* ViewController.m in Sources */,
				36F522CE18EB289300649A82 /* BaseViewController.m in Sources */,
				5B572EE8190045B300F6F3D6 /* BusinessDetail.m in Sources */,
				5B572EF11902E14600F6F3D6 /* Blog.m in Sources */,
				5B572EF51903B8A800F6F3D6 /* BlogViewCell.m in Sources */,
				36F522A818E9E67B00649A82 /* AppDelegate.m in Sources */,
				36DC008918FD80940098E956 /* Allpost.m in Sources */,
				5B572EF21902E14600F6F3D6 /* Blog2.m in Sources */,
				5B572EE31900373900F6F3D6 /* BusinessDetailViewController.m in Sources */,
				36F522A418E9E67B00649A82 /* main.m in Sources */,
				36F5235B18FAA41800649A82 /* SearchViewController.m in Sources */,
				36F5235818F96CDC00649A82 /* MenuView.m in Sources */,
				36DC009018FD9BA50098E956 /* StrainExpandedCell.m in Sources */,
				36DC008D18FD9B870098E956 /* StrainNormalCell.m in Sources */,
				36DC008A18FD80940098E956 /* BaseClass.m in Sources */,
			);
			runOnlyForDeploymentPostprocessing = 0;
		};
		36F522B118E9E67B00649A82 /* Sources */ = {
			isa = PBXSourcesBuildPhase;
			buildActionMask = 2147483647;
			files = (
				36F522C318E9E67B00649A82 /* LEAFSTRAINTests.m in Sources */,
			);
			runOnlyForDeploymentPostprocessing = 0;
		};
/* End PBXSourcesBuildPhase section */

/* Begin PBXTargetDependency section */
		36F522BB18E9E67B00649A82 /* PBXTargetDependency */ = {
			isa = PBXTargetDependency;
			target = 36F5229318E9E67B00649A82 /* LEAFSTRAIN */;
			targetProxy = 36F522BA18E9E67B00649A82 /* PBXContainerItemProxy */;
		};
/* End PBXTargetDependency section */

/* Begin PBXVariantGroup section */
		36F522A018E9E67B00649A82 /* InfoPlist.strings */ = {
			isa = PBXVariantGroup;
			children = (
				36F522A118E9E67B00649A82 /* en */,
			);
			name = InfoPlist.strings;
			sourceTree = "<group>";
		};
		36F522A918E9E67B00649A82 /* Main.storyboard */ = {
			isa = PBXVariantGroup;
			children = (
				36F522AA18E9E67B00649A82 /* Base */,
			);
			name = Main.storyboard;
			sourceTree = "<group>";
		};
		36F522BF18E9E67B00649A82 /* InfoPlist.strings */ = {
			isa = PBXVariantGroup;
			children = (
				36F522C018E9E67B00649A82 /* en */,
			);
			name = InfoPlist.strings;
			sourceTree = "<group>";
		};
/* End PBXVariantGroup section */

/* Begin XCBuildConfiguration section */
		36F522C418E9E67B00649A82 /* Debug */ = {
			isa = XCBuildConfiguration;
			buildSettings = {
				ALWAYS_SEARCH_USER_PATHS = NO;
				ARCHS = "$(ARCHS_STANDARD_INCLUDING_64_BIT)";
				CLANG_CXX_LANGUAGE_STANDARD = "gnu++0x";
				CLANG_CXX_LIBRARY = "libc++";
				CLANG_ENABLE_MODULES = YES;
				CLANG_ENABLE_OBJC_ARC = YES;
				CLANG_WARN_BOOL_CONVERSION = YES;
				CLANG_WARN_CONSTANT_CONVERSION = YES;
				CLANG_WARN_DIRECT_OBJC_ISA_USAGE = YES_ERROR;
				CLANG_WARN_EMPTY_BODY = YES;
				CLANG_WARN_ENUM_CONVERSION = YES;
				CLANG_WARN_INT_CONVERSION = YES;
				CLANG_WARN_OBJC_ROOT_CLASS = YES_ERROR;
				CLANG_WARN__DUPLICATE_METHOD_MATCH = YES;
				"CODE_SIGN_IDENTITY[sdk=iphoneos*]" = "iPhone Developer";
				COPY_PHASE_STRIP = NO;
				GCC_C_LANGUAGE_STANDARD = gnu99;
				GCC_DYNAMIC_NO_PIC = NO;
				GCC_OPTIMIZATION_LEVEL = 0;
				GCC_PREPROCESSOR_DEFINITIONS = (
					"DEBUG=1",
					"$(inherited)",
				);
				GCC_SYMBOLS_PRIVATE_EXTERN = NO;
				GCC_WARN_64_TO_32_BIT_CONVERSION = YES;
				GCC_WARN_ABOUT_RETURN_TYPE = YES_ERROR;
				GCC_WARN_UNDECLARED_SELECTOR = YES;
				GCC_WARN_UNINITIALIZED_AUTOS = YES;
				GCC_WARN_UNUSED_FUNCTION = YES;
				GCC_WARN_UNUSED_VARIABLE = YES;
				IPHONEOS_DEPLOYMENT_TARGET = 6.0;
				ONLY_ACTIVE_ARCH = YES;
				SDKROOT = iphoneos;
			};
			name = Debug;
		};
		36F522C518E9E67B00649A82 /* Release */ = {
			isa = XCBuildConfiguration;
			buildSettings = {
				ALWAYS_SEARCH_USER_PATHS = NO;
				ARCHS = "$(ARCHS_STANDARD_INCLUDING_64_BIT)";
				CLANG_CXX_LANGUAGE_STANDARD = "gnu++0x";
				CLANG_CXX_LIBRARY = "libc++";
				CLANG_ENABLE_MODULES = YES;
				CLANG_ENABLE_OBJC_ARC = YES;
				CLANG_WARN_BOOL_CONVERSION = YES;
				CLANG_WARN_CONSTANT_CONVERSION = YES;
				CLANG_WARN_DIRECT_OBJC_ISA_USAGE = YES_ERROR;
				CLANG_WARN_EMPTY_BODY = YES;
				CLANG_WARN_ENUM_CONVERSION = YES;
				CLANG_WARN_INT_CONVERSION = YES;
				CLANG_WARN_OBJC_ROOT_CLASS = YES_ERROR;
				CLANG_WARN__DUPLICATE_METHOD_MATCH = YES;
				"CODE_SIGN_IDENTITY[sdk=iphoneos*]" = "iPhone Developer";
				COPY_PHASE_STRIP = YES;
				ENABLE_NS_ASSERTIONS = NO;
				GCC_C_LANGUAGE_STANDARD = gnu99;
				GCC_WARN_64_TO_32_BIT_CONVERSION = YES;
				GCC_WARN_ABOUT_RETURN_TYPE = YES_ERROR;
				GCC_WARN_UNDECLARED_SELECTOR = YES;
				GCC_WARN_UNINITIALIZED_AUTOS = YES;
				GCC_WARN_UNUSED_FUNCTION = YES;
				GCC_WARN_UNUSED_VARIABLE = YES;
				IPHONEOS_DEPLOYMENT_TARGET = 6.0;
				SDKROOT = iphoneos;
				VALIDATE_PRODUCT = YES;
			};
			name = Release;
		};
		36F522C718E9E67B00649A82 /* Debug */ = {
			isa = XCBuildConfiguration;
			baseConfigurationReference = FAA106B8CA15441BB00E8CC8 /* Pods.xcconfig */;
			buildSettings = {
				ASSETCATALOG_COMPILER_APPICON_NAME = AppIcon;
				ASSETCATALOG_COMPILER_LAUNCHIMAGE_NAME = LaunchImage;
				FRAMEWORK_SEARCH_PATHS = (
					"$(inherited)",
					"/E\\ Drive/Freelancing/MihirMehta/Code/wavelety/CANITASTE/CANITASTE",
				);
				GCC_PRECOMPILE_PREFIX_HEADER = YES;
				GCC_PREFIX_HEADER = "CANITASTE/LEAFSTRAIN-Prefix.pch";
				INFOPLIST_FILE = "CANITASTE/LEAFSTRAIN-Info.plist";
				IPHONEOS_DEPLOYMENT_TARGET = 6.0;
				PRODUCT_NAME = leafStrain;
				WRAPPER_EXTENSION = app;
			};
			name = Debug;
		};
		36F522C818E9E67B00649A82 /* Release */ = {
			isa = XCBuildConfiguration;
			baseConfigurationReference = FAA106B8CA15441BB00E8CC8 /* Pods.xcconfig */;
			buildSettings = {
				ASSETCATALOG_COMPILER_APPICON_NAME = AppIcon;
				ASSETCATALOG_COMPILER_LAUNCHIMAGE_NAME = LaunchImage;
				FRAMEWORK_SEARCH_PATHS = (
					"$(inherited)",
					"/E\\ Drive/Freelancing/MihirMehta/Code/wavelety/CANITASTE/CANITASTE",
				);
				GCC_PRECOMPILE_PREFIX_HEADER = YES;
				GCC_PREFIX_HEADER = "CANITASTE/LEAFSTRAIN-Prefix.pch";
				INFOPLIST_FILE = "CANITASTE/LEAFSTRAIN-Info.plist";
				IPHONEOS_DEPLOYMENT_TARGET = 6.0;
				PRODUCT_NAME = leafStrain;
				WRAPPER_EXTENSION = app;
			};
			name = Release;
		};
		36F522CA18E9E67B00649A82 /* Debug */ = {
			isa = XCBuildConfiguration;
			buildSettings = {
				ARCHS = "$(ARCHS_STANDARD_INCLUDING_64_BIT)";
				BUNDLE_LOADER = "$(BUILT_PRODUCTS_DIR)/CANITASTE.app/CANITASTE";
				FRAMEWORK_SEARCH_PATHS = (
					"$(SDKROOT)/Developer/Library/Frameworks",
					"$(inherited)",
					"$(DEVELOPER_FRAMEWORKS_DIR)",
				);
				GCC_PRECOMPILE_PREFIX_HEADER = YES;
				GCC_PREFIX_HEADER = "CANITASTE/CANITASTE-Prefix.pch";
				GCC_PREPROCESSOR_DEFINITIONS = (
					"DEBUG=1",
					"$(inherited)",
				);
				INFOPLIST_FILE = "CANITASTETests/LEAFSTRAINTests-Info.plist";
				PRODUCT_NAME = LEAFSTRAINTests;
				TEST_HOST = "$(BUNDLE_LOADER)";
				WRAPPER_EXTENSION = xctest;
			};
			name = Debug;
		};
		36F522CB18E9E67B00649A82 /* Release */ = {
			isa = XCBuildConfiguration;
			buildSettings = {
				ARCHS = "$(ARCHS_STANDARD_INCLUDING_64_BIT)";
				BUNDLE_LOADER = "$(BUILT_PRODUCTS_DIR)/CANITASTE.app/CANITASTE";
				FRAMEWORK_SEARCH_PATHS = (
					"$(SDKROOT)/Developer/Library/Frameworks",
					"$(inherited)",
					"$(DEVELOPER_FRAMEWORKS_DIR)",
				);
				GCC_PRECOMPILE_PREFIX_HEADER = YES;
				GCC_PREFIX_HEADER = "CANITASTE/CANITASTE-Prefix.pch";
				INFOPLIST_FILE = "CANITASTETests/LEAFSTRAINTests-Info.plist";
				PRODUCT_NAME = LEAFSTRAINTests;
				TEST_HOST = "$(BUNDLE_LOADER)";
				WRAPPER_EXTENSION = xctest;
			};
			name = Release;
		};
/* End XCBuildConfiguration section */

/* Begin XCConfigurationList section */
		36F5228F18E9E67B00649A82 /* Build configuration list for PBXProject "LEAFSTRAIN" */ = {
			isa = XCConfigurationList;
			buildConfigurations = (
				36F522C418E9E67B00649A82 /* Debug */,
				36F522C518E9E67B00649A82 /* Release */,
			);
			defaultConfigurationIsVisible = 0;
			defaultConfigurationName = Release;
		};
		36F522C618E9E67B00649A82 /* Build configuration list for PBXNativeTarget "LEAFSTRAIN" */ = {
			isa = XCConfigurationList;
			buildConfigurations = (
				36F522C718E9E67B00649A82 /* Debug */,
				36F522C818E9E67B00649A82 /* Release */,
			);
			defaultConfigurationIsVisible = 0;
			defaultConfigurationName = Release;
		};
		36F522C918E9E67B00649A82 /* Build configuration list for PBXNativeTarget "LEAFSTRAINTests" */ = {
			isa = XCConfigurationList;
			buildConfigurations = (
				36F522CA18E9E67B00649A82 /* Debug */,
				36F522CB18E9E67B00649A82 /* Release */,
			);
			defaultConfigurationIsVisible = 0;
			defaultConfigurationName = Release;
		};
/* End XCConfigurationList section */
	};
	rootObject = 36F5228C18E9E67B00649A82 /* Project object */;
}
